
Microsoft Visual Studio Solution File, Format Version 12.00
# Visual Studio 15
Project("{FAE04EC0-301F-11D3-BF4B-00C04F79EFBC}") = "Unity.AI.Navigation.Samples", "Unity.AI.Navigation.Samples.csproj", "{1CCB585D-5A85-DD9D-929B-260D3331E5E5}"
EndProject
Project("{FAE04EC0-301F-11D3-BF4B-00C04F79EFBC}") = "Unity.AI.Navigation.Samples.Initialization.Editor", "Unity.AI.Navigation.Samples.Initialization.Editor.csproj", "{05DEFEBE-5DA5-BBB2-2878-958B5C9B6F79}"
EndProject
Project("{FAE04EC0-301F-11D3-BF4B-00C04F79EFBC}") = "Assembly-CSharp", "Assembly-CSharp.csproj", "{CF04CF2A-134C-FB58-3647-F49765659B48}"
EndProject
Global
	GlobalSection(SolutionConfigurationPlatforms) = preSolution
		Debug|Any CPU = Debug|Any CPU
		Release|Any CPU = Release|Any CPU
	EndGlobalSection
	GlobalSection(ProjectConfigurationPlatforms) = postSolution
		{1CCB585D-5A85-DD9D-929B-260D3331E5E5}.Debug|Any CPU.ActiveCfg = Debug|Any CPU
		{1CCB585D-5A85-DD9D-929B-260D3331E5E5}.Debug|Any CPU.Build.0 = Debug|Any CPU
		{1CCB585D-5A85-DD9D-929B-260D3331E5E5}.Release|Any CPU.ActiveCfg = Release|Any CPU
		{1CCB585D-5A85-DD9D-929B-260D3331E5E5}.Release|Any CPU.Build.0 = Release|Any CPU
		{05DEFEBE-5DA5-BBB2-2878-958B5C9B6F79}.Debug|Any CPU.ActiveCfg = Debug|Any CPU
		{05DEFEBE-5DA5-BBB2-2878-958B5C9B6F79}.Debug|Any CPU.Build.0 = Debug|Any CPU
		{05DEFEBE-5DA5-BBB2-2878-958B5C9B6F79}.Release|Any CPU.ActiveCfg = Release|Any CPU
		{05DEFEBE-5DA5-BBB2-2878-958B5C9B6F79}.Release|Any CPU.Build.0 = Release|Any CPU
		{CF04CF2A-134C-FB58-3647-F49765659B48}.Debug|Any CPU.ActiveCfg = Debug|Any CPU
		{CF04CF2A-134C-FB58-3647-F49765659B48}.Debug|Any CPU.Build.0 = Debug|Any CPU
		{CF04CF2A-134C-FB58-3647-F49765659B48}.Release|Any CPU.ActiveCfg = Release|Any CPU
		{CF04CF2A-134C-FB58-3647-F49765659B48}.Release|Any CPU.Build.0 = Release|Any CPU
	EndGlobalSection
	GlobalSection(SolutionProperties) = preSolution
		HideSolutionNode = FALSE
	EndGlobalSection
EndGlobal
